{
    "_readme": [
        "This file locks the dependencies of your project to a known state",
        "Read more about it at https://getcomposer.org/doc/01-basic-usage.md#installing-dependencies",
        "This file is @generated automatically"
    ],
    "content-hash": "264ce50ab4e29afbb6f9fbde7ad42f63",
    "packages": [
        {
            "name": "coffeecode/datalayer",
            "version": "2.0.7",
            "source": {
                "type": "git",
                "url": "https://github.com/robsonvleite/datalayer.git",
                "reference": "619eb838783a3d2488d98f8a879dd772e62b444f"
            },
            "dist": {
                "type": "zip",
                "url": "https://api.github.com/repos/robsonvleite/datalayer/zipball/619eb838783a3d2488d98f8a879dd772e62b444f",
                "reference": "619eb838783a3d2488d98f8a879dd772e62b444f",
                "shasum": ""
            },
            "require": {
                "ext-pdo": "*",
                "php": ">=8.0"
            },
            "type": "library",
            "autoload": {
                "psr-4": {
                    "CoffeeCode\\DataLayer\\": "src"
                }
            },
            "notification-url": "https://packagist.org/downloads/",
            "license": [
                "MIT"
            ],
            "authors": [
                {
                    "name": "Robson V. Leite",
                    "email": "cursos@upinside.com.br",
                    "role": "Developer"
                }
            ],
            "description": "The data layer is a persistent abstraction component of your database that PDO",
            "homepage": "https://www.upinside.com.br",
            "keywords": [
                "Coffeecode",
                "crud",
                "database",
                "delete",
                "destroy",
                "pdo",
                "save",
                "upinside"
            ],
            "support": {
                "issues": "https://github.com/robsonvleite/datalayer/issues",
                "source": "https://github.com/robsonvleite/datalayer/tree/2.0.7"
            },
            "time": "2023-01-17T16:36:21+00:00"
        },
        {
            "name": "coffeecode/router",
            "version": "2.0.2",
            "source": {
                "type": "git",
                "url": "https://github.com/robsonvleite/router.git",
                "reference": "a16770ae952ce3f91a04035a09be610a030e049c"
            },
            "dist": {
                "type": "zip",
                "url": "https://api.github.com/repos/robsonvleite/router/zipball/a16770ae952ce3f91a04035a09be610a030e049c",
                "reference": "a16770ae952ce3f91a04035a09be610a030e049c",
                "shasum": ""
            },
            "require": {
                "php": ">=8.0"
            },
            "type": "library",
            "autoload": {
                "psr-4": {
                    "CoffeeCode\\Router\\": "src"
                }
            },
            "notification-url": "https://packagist.org/downloads/",
            "license": [
                "MIT"
            ],
            "authors": [
                {
                    "name": "Robson V. Leite",
                    "email": "cursos@upinside.com.br",
                    "role": "Developer"
                }
            ],
            "description": "A classic CoffeeCode Router is easy, fast and extremely uncomplicated. Create and manage your routes in minutes!",
            "homepage": "http://www.upinside.com.br",
            "keywords": [
                "Coffeecode",
                "route",
                "router",
                "routes",
                "upinside"
            ],
            "support": {
                "issues": "https://github.com/robsonvleite/router/issues",
                "source": "https://github.com/robsonvleite/router/tree/2.0.2"
            },
            "time": "2022-04-23T16:01:23+00:00"
        },
        {
            "name": "intervention/gif",
            "version": "3.0.0",
            "source": {
                "type": "git",
                "url": "https://github.com/Intervention/gif.git",
                "reference": "cfececc760862f075a52acf747031bad08c8301b"
            },
            "dist": {
                "type": "zip",
                "url": "https://api.github.com/repos/Intervention/gif/zipball/cfececc760862f075a52acf747031bad08c8301b",
                "reference": "cfececc760862f075a52acf747031bad08c8301b",
                "shasum": ""
            },
            "require": {
                "php": "^8.0"
            },
            "require-dev": {
                "phpstan/phpstan": "^1",
                "phpunit/phpunit": "^9"
            },
            "type": "library",
            "autoload": {
                "psr-4": {
                    "Intervention\\Gif\\": "src"
                }
            },
            "notification-url": "https://packagist.org/downloads/",
            "license": [
                "MIT"
            ],
            "authors": [
                {
                    "name": "Oliver Vogel",
                    "email": "oliver@intervention.io",
                    "homepage": "https://intervention.io/"
                }
            ],
            "description": "Native PHP GIF Encoder/Decoder",
            "homepage": "https://github.com/intervention/gif",
            "keywords": [
                "animation",
                "gd",
                "gif",
                "image"
            ],
            "support": {
                "issues": "https://github.com/Intervention/gif/issues",
                "source": "https://github.com/Intervention/gif/tree/3.0.0"
            },
            "time": "2023-11-27T18:54:30+00:00"
        },
        {
            "name": "intervention/image",
            "version": "3.2.1",
            "source": {
                "type": "git",
                "url": "https://github.com/Intervention/image.git",
                "reference": "3f96a8f752f4db17cde0a152891bc332ea9aa28d"
            },
            "dist": {
                "type": "zip",
                "url": "https://api.github.com/repos/Intervention/image/zipball/3f96a8f752f4db17cde0a152891bc332ea9aa28d",
                "reference": "3f96a8f752f4db17cde0a152891bc332ea9aa28d",
                "shasum": ""
            },
            "require": {
                "ext-mbstring": "*",
                "intervention/gif": "^3",
                "php": "^8.1"
            },
            "require-dev": {
                "mockery/mockery": "^1.6",
                "phpstan/phpstan": "^1",
                "phpunit/phpunit": "^9"
            },
            "type": "library",
            "autoload": {
                "psr-4": {
                    "Intervention\\Image\\": "src"
                }
            },
            "notification-url": "https://packagist.org/downloads/",
            "license": [
                "MIT"
            ],
            "authors": [
                {
                    "name": "Oliver Vogel",
                    "email": "oliver@intervention.io",
                    "homepage": "https://intervention.io/"
                }
            ],
            "description": "PHP image manipulation",
            "homepage": "https://image.intervention.io/",
            "keywords": [
                "gd",
                "image",
                "imagick",
                "resize",
                "thumbnail",
                "watermark"
            ],
            "support": {
                "issues": "https://github.com/Intervention/image/issues",
                "source": "https://github.com/Intervention/image/tree/3.2.1"
            },
            "funding": [
                {
                    "url": "https://paypal.me/interventionio",
                    "type": "custom"
                },
                {
                    "url": "https://github.com/Intervention",
                    "type": "github"
                }
            ],
            "time": "2023-12-30T20:10:28+00:00"
        },
        {
            "name": "league/plates",
            "version": "v3.5.0",
            "source": {
                "type": "git",
                "url": "https://github.com/thephpleague/plates.git",
                "reference": "a6a3238e46c6e19af7318fdc36bfbe49b0620231"
            },
            "dist": {
                "type": "zip",
                "url": "https://api.github.com/repos/thephpleague/plates/zipball/a6a3238e46c6e19af7318fdc36bfbe49b0620231",
                "reference": "a6a3238e46c6e19af7318fdc36bfbe49b0620231",
                "shasum": ""
            },
            "require": {
                "php": "^7.0|^8.0"
            },
            "require-dev": {
                "mikey179/vfsstream": "^1.6",
                "phpunit/phpunit": "^9.5",
                "squizlabs/php_codesniffer": "^3.5"
            },
            "type": "library",
            "extra": {
                "branch-alias": {
                    "dev-master": "3.0-dev"
                }
            },
            "autoload": {
                "psr-4": {
                    "League\\Plates\\": "src"
                }
            },
            "notification-url": "https://packagist.org/downloads/",
            "license": [
                "MIT"
            ],
            "authors": [
                {
                    "name": "Jonathan Reinink",
                    "email": "jonathan@reinink.ca",
                    "role": "Developer"
                },
                {
                    "name": "RJ Garcia",
                    "email": "ragboyjr@icloud.com",
                    "role": "Developer"
                }
            ],
            "description": "Plates, the native PHP template system that's fast, easy to use and easy to extend.",
            "homepage": "https://platesphp.com",
            "keywords": [
                "league",
                "package",
                "templates",
                "templating",
                "views"
            ],
            "support": {
                "issues": "https://github.com/thephpleague/plates/issues",
                "source": "https://github.com/thephpleague/plates/tree/v3.5.0"
            },
            "time": "2023-01-16T20:25:45+00:00"
        },
        {
            "name": "respect/stringifier",
            "version": "0.2.0",
            "source": {
                "type": "git",
                "url": "https://github.com/Respect/Stringifier.git",
                "reference": "e55af3c8aeaeaa2abb5fa47a58a8e9688cc23b59"
            },
            "dist": {
                "type": "zip",
                "url": "https://api.github.com/repos/Respect/Stringifier/zipball/e55af3c8aeaeaa2abb5fa47a58a8e9688cc23b59",
                "reference": "e55af3c8aeaeaa2abb5fa47a58a8e9688cc23b59",
                "shasum": ""
            },
            "require": {
                "php": ">=7.1"
            },
            "require-dev": {
                "friendsofphp/php-cs-fixer": "^2.8",
                "malukenho/docheader": "^0.1.7",
                "phpunit/phpunit": "^6.4"
            },
            "type": "library",
            "autoload": {
                "files": [
                    "src/stringify.php"
                ],
                "psr-4": {
                    "Respect\\Stringifier\\": "src/"
                }
            },
            "notification-url": "https://packagist.org/downloads/",
            "license": [
                "MIT"
            ],
            "authors": [
                {
                    "name": "Respect/Stringifier Contributors",
                    "homepage": "https://github.com/Respect/Stringifier/graphs/contributors"
                }
            ],
            "description": "Converts any value to a string",
            "homepage": "http://respect.github.io/Stringifier/",
            "keywords": [
                "respect",
                "stringifier",
                "stringify"
            ],
            "support": {
                "issues": "https://github.com/Respect/Stringifier/issues",
                "source": "https://github.com/Respect/Stringifier/tree/0.2.0"
            },
            "time": "2017-12-29T19:39:25+00:00"
        },
        {
            "name": "respect/validation",
            "version": "2.2.4",
            "source": {
                "type": "git",
                "url": "https://github.com/Respect/Validation.git",
                "reference": "d304ace5325efd7180daffb1f8627bb0affd4e3a"
            },
            "dist": {
                "type": "zip",
                "url": "https://api.github.com/repos/Respect/Validation/zipball/d304ace5325efd7180daffb1f8627bb0affd4e3a",
                "reference": "d304ace5325efd7180daffb1f8627bb0affd4e3a",
                "shasum": ""
            },
            "require": {
                "php": "^7.4 || ^8.0 || ^8.1 || ^8.2",
                "respect/stringifier": "^0.2.0",
                "symfony/polyfill-mbstring": "^1.2"
            },
            "require-dev": {
                "egulias/email-validator": "^3.0",
                "malukenho/docheader": "^0.1",
                "mikey179/vfsstream": "^1.6",
                "phpstan/phpstan": "^1.9",
                "phpstan/phpstan-deprecation-rules": "^1.1",
                "phpstan/phpstan-phpunit": "^1.3",
                "phpunit/phpunit": "^9.6",
                "psr/http-message": "^1.0",
                "respect/coding-standard": "^3.0",
                "squizlabs/php_codesniffer": "^3.7",
                "symfony/validator": "^3.0||^4.0"
            },
            "suggest": {
                "egulias/email-validator": "Strict (RFC compliant) email validation",
                "ext-bcmath": "Arbitrary Precision Mathematics",
                "ext-fileinfo": "File Information",
                "ext-mbstring": "Multibyte String Functions"
            },
            "type": "library",
            "autoload": {
                "psr-4": {
                    "Respect\\Validation\\": "library/"
                }
            },
            "notification-url": "https://packagist.org/downloads/",
            "license": [
                "MIT"
            ],
            "authors": [
                {
                    "name": "Respect/Validation Contributors",
                    "homepage": "https://github.com/Respect/Validation/graphs/contributors"
                }
            ],
            "description": "The most awesome validation engine ever created for PHP",
            "homepage": "http://respect.github.io/Validation/",
            "keywords": [
                "respect",
                "validation",
                "validator"
            ],
            "support": {
                "issues": "https://github.com/Respect/Validation/issues",
                "source": "https://github.com/Respect/Validation/tree/2.2.4"
            },
            "time": "2023-02-15T01:05:24+00:00"
        },
        {
            "name": "symfony/polyfill-mbstring",
            "version": "v1.28.0",
            "source": {
                "type": "git",
                "url": "https://github.com/symfony/polyfill-mbstring.git",
                "reference": "42292d99c55abe617799667f454222c54c60e229"
            },
            "dist": {
                "type": "zip",
                "url": "https://api.github.com/repos/symfony/polyfill-mbstring/zipball/42292d99c55abe617799667f454222c54c60e229",
                "reference": "42292d99c55abe617799667f454222c54c60e229",
                "shasum": ""
            },
            "require": {
                "php": ">=7.1"
            },
            "provide": {
                "ext-mbstring": "*"
            },
            "suggest": {
                "ext-mbstring": "For best performance"
            },
            "type": "library",
            "extra": {
                "branch-alias": {
                    "dev-main": "1.28-dev"
                },
                "thanks": {
                    "name": "symfony/polyfill",
                    "url": "https://github.com/symfony/polyfill"
                }
            },
            "autoload": {
                "files": [
                    "bootstrap.php"
                ],
                "psr-4": {
                    "Symfony\\Polyfill\\Mbstring\\": ""
                }
            },
            "notification-url": "https://packagist.org/downloads/",
            "license": [
                "MIT"
            ],
            "authors": [
                {
                    "name": "Nicolas Grekas",
                    "email": "p@tchwork.com"
                },
                {
                    "name": "Symfony Community",
                    "homepage": "https://symfony.com/contributors"
                }
            ],
            "description": "Symfony polyfill for the Mbstring extension",
            "homepage": "https://symfony.com",
            "keywords": [
                "compatibility",
                "mbstring",
                "polyfill",
                "portable",
                "shim"
            ],
            "support": {
                "source": "https://github.com/symfony/polyfill-mbstring/tree/v1.28.0"
            },
            "funding": [
                {
                    "url": "https://symfony.com/sponsor",
                    "type": "custom"
                },
                {
                    "url": "https://github.com/fabpot",
                    "type": "github"
                },
                {
                    "url": "https://tidelift.com/funding/github/packagist/symfony/symfony",
                    "type": "tidelift"
                }
            ],
            "time": "2023-07-28T09:04:16+00:00"
        }
    ],
    "packages-dev": [],
    "aliases": [],
    "minimum-stability": "stable",
    "stability-flags": [],
    "prefer-stable": false,
    "prefer-lowest": false,
    "platform": [],
    "platform-dev": [],
    "plugin-api-version": "2.3.0"
}
